
Microsoft Visual Studio Solution File, Format Version 12.00
# Visual Studio Version 16
VisualStudioVersion = 16.0.30611.23
MinimumVisualStudioVersion = 10.0.40219.1
Project("{FAE04EC0-301F-11D3-BF4B-00C04F79EFBC}") = "Ola mundo", "Ola mundo\Ola mundo.csproj", "{8EC534E5-8815-4329-A039-11E465DBE3B0}"
EndProject
Global
	GlobalSection(SolutionConfigurationPlatforms) = preSolution
		Debug|Any CPU = Debug|Any CPU
		Release|Any CPU = Release|Any CPU
	EndGlobalSection
	GlobalSection(ProjectConfigurationPlatforms) = postSolution
		{8EC534E5-8815-4329-A039-11E465DBE3B0}.Debug|Any CPU.ActiveCfg = Debug|Any CPU
		{8EC534E5-8815-4329-A039-11E465DBE3B0}.Debug|Any CPU.Build.0 = Debug|Any CPU
		{8EC534E5-8815-4329-A039-11E465DBE3B0}.Release|Any CPU.ActiveCfg = Release|Any CPU
		{8EC534E5-8815-4329-A039-11E465DBE3B0}.Release|Any CPU.Build.0 = Release|Any CPU
	EndGlobalSection
	GlobalSection(SolutionProperties) = preSolution
		HideSolutionNode = FALSE
	EndGlobalSection
	GlobalSection(ExtensibilityGlobals) = postSolution
		SolutionGuid = {3F22B682-2856-472E-8C3C-9D8019AD82F8}
	EndGlobalSection
EndGlobal
