
Microsoft Visual Studio Solution File, Format Version 12.00
# Visual Studio Version 16
VisualStudioVersion = 16.0.30611.23
MinimumVisualStudioVersion = 10.0.40219.1
Project("{FAE04EC0-301F-11D3-BF4B-00C04F79EFBC}") = "2. Tipos de dados e variaveis", "2. Tipos de dados e variaveis\2. Tipos de dados e variaveis.csproj", "{EC4761F6-A6EF-4E2C-9A0A-055A77F42E5D}"
EndProject
Global
	GlobalSection(SolutionConfigurationPlatforms) = preSolution
		Debug|Any CPU = Debug|Any CPU
		Release|Any CPU = Release|Any CPU
	EndGlobalSection
	GlobalSection(ProjectConfigurationPlatforms) = postSolution
		{EC4761F6-A6EF-4E2C-9A0A-055A77F42E5D}.Debug|Any CPU.ActiveCfg = Debug|Any CPU
		{EC4761F6-A6EF-4E2C-9A0A-055A77F42E5D}.Debug|Any CPU.Build.0 = Debug|Any CPU
		{EC4761F6-A6EF-4E2C-9A0A-055A77F42E5D}.Release|Any CPU.ActiveCfg = Release|Any CPU
		{EC4761F6-A6EF-4E2C-9A0A-055A77F42E5D}.Release|Any CPU.Build.0 = Release|Any CPU
	EndGlobalSection
	GlobalSection(SolutionProperties) = preSolution
		HideSolutionNode = FALSE
	EndGlobalSection
	GlobalSection(ExtensibilityGlobals) = postSolution
		SolutionGuid = {FFF1CB51-9F68-4B9A-B564-FB5BBCBEA133}
	EndGlobalSection
EndGlobal
