
Microsoft Visual Studio Solution File, Format Version 12.00
# Visual Studio Version 16
VisualStudioVersion = 16.0.30621.155
MinimumVisualStudioVersion = 10.0.40219.1
Project("{FAE04EC0-301F-11D3-BF4B-00C04F79EFBC}") = "5. Soma de Impares", "5. Soma de Impares\5. Soma de Impares.csproj", "{27619210-A4A2-47EF-BB6C-66AB2651AF25}"
EndProject
Global
	GlobalSection(SolutionConfigurationPlatforms) = preSolution
		Debug|Any CPU = Debug|Any CPU
		Release|Any CPU = Release|Any CPU
	EndGlobalSection
	GlobalSection(ProjectConfigurationPlatforms) = postSolution
		{27619210-A4A2-47EF-BB6C-66AB2651AF25}.Debug|Any CPU.ActiveCfg = Debug|Any CPU
		{27619210-A4A2-47EF-BB6C-66AB2651AF25}.Debug|Any CPU.Build.0 = Debug|Any CPU
		{27619210-A4A2-47EF-BB6C-66AB2651AF25}.Release|Any CPU.ActiveCfg = Release|Any CPU
		{27619210-A4A2-47EF-BB6C-66AB2651AF25}.Release|Any CPU.Build.0 = Release|Any CPU
	EndGlobalSection
	GlobalSection(SolutionProperties) = preSolution
		HideSolutionNode = FALSE
	EndGlobalSection
	GlobalSection(ExtensibilityGlobals) = postSolution
		SolutionGuid = {3D55B83D-19EF-4705-8969-1193F2B685D5}
	EndGlobalSection
EndGlobal
