
Microsoft Visual Studio Solution File, Format Version 12.00
# Visual Studio Version 16
VisualStudioVersion = 16.0.30621.155
MinimumVisualStudioVersion = 10.0.40219.1
Project("{FAE04EC0-301F-11D3-BF4B-00C04F79EFBC}") = "2. Idades", "2. Idades\2. Idades.csproj", "{8D932643-607A-4A48-A71C-F76604FFB407}"
EndProject
Global
	GlobalSection(SolutionConfigurationPlatforms) = preSolution
		Debug|Any CPU = Debug|Any CPU
		Release|Any CPU = Release|Any CPU
	EndGlobalSection
	GlobalSection(ProjectConfigurationPlatforms) = postSolution
		{8D932643-607A-4A48-A71C-F76604FFB407}.Debug|Any CPU.ActiveCfg = Debug|Any CPU
		{8D932643-607A-4A48-A71C-F76604FFB407}.Debug|Any CPU.Build.0 = Debug|Any CPU
		{8D932643-607A-4A48-A71C-F76604FFB407}.Release|Any CPU.ActiveCfg = Release|Any CPU
		{8D932643-607A-4A48-A71C-F76604FFB407}.Release|Any CPU.Build.0 = Release|Any CPU
	EndGlobalSection
	GlobalSection(SolutionProperties) = preSolution
		HideSolutionNode = FALSE
	EndGlobalSection
	GlobalSection(ExtensibilityGlobals) = postSolution
		SolutionGuid = {5CEDA935-208E-46DC-A49D-07BCA66FF839}
	EndGlobalSection
EndGlobal
