
Microsoft Visual Studio Solution File, Format Version 12.00
# Visual Studio Version 16
VisualStudioVersion = 16.0.30611.23
MinimumVisualStudioVersion = 10.0.40219.1
Project("{FAE04EC0-301F-11D3-BF4B-00C04F79EFBC}") = "5. If-Else", "5. If-Else\5. If-Else.csproj", "{A21D21F7-1B5B-40DA-87D6-C97AF3BEC95B}"
EndProject
Global
	GlobalSection(SolutionConfigurationPlatforms) = preSolution
		Debug|Any CPU = Debug|Any CPU
		Release|Any CPU = Release|Any CPU
	EndGlobalSection
	GlobalSection(ProjectConfigurationPlatforms) = postSolution
		{A21D21F7-1B5B-40DA-87D6-C97AF3BEC95B}.Debug|Any CPU.ActiveCfg = Debug|Any CPU
		{A21D21F7-1B5B-40DA-87D6-C97AF3BEC95B}.Debug|Any CPU.Build.0 = Debug|Any CPU
		{A21D21F7-1B5B-40DA-87D6-C97AF3BEC95B}.Release|Any CPU.ActiveCfg = Release|Any CPU
		{A21D21F7-1B5B-40DA-87D6-C97AF3BEC95B}.Release|Any CPU.Build.0 = Release|Any CPU
	EndGlobalSection
	GlobalSection(SolutionProperties) = preSolution
		HideSolutionNode = FALSE
	EndGlobalSection
	GlobalSection(ExtensibilityGlobals) = postSolution
		SolutionGuid = {5F8C49DF-1BF4-4D70-8AC2-D6E1AD1F379C}
	EndGlobalSection
EndGlobal
